{
  "name": "fake",
  "lockfileVersion": 3,
  "requires": true,
  "packages": {
    "": {
      "dependencies": {
        "console-colors.js": "^1.4.0"
      }
    },
    "node_modules/console-colors.js": {
      "version": "1.4.0",
      "resolved": "https://registry.npmjs.org/console-colors.js/-/console-colors.js-1.4.0.tgz",
      "integrity": "sha512-e+MnE75rwzMs2f7d1eOewi9bhdo9wVUfatBn/eWPKBm5pvrB7MF9W0/68zx3oDSzbOc4VnD2mPRhUM5itrNekw=="
    }
  }
}
